
Microsoft Visual Studio Solution File, Format Version 12.00
# Visual Studio Version 17
VisualStudioVersion = 17.3.32929.385
MinimumVisualStudioVersion = 10.0.40219.1
Project("{FAE04EC0-301F-11D3-BF4B-00C04F79EFBC}") = "PublisherApp", "PublisherApp\PublisherApp.csproj", "{232EABEC-4E61-4D61-B81D-02E5FFC91CEE}"
EndProject
Global
	GlobalSection(SolutionConfigurationPlatforms) = preSolution
		Debug|Any CPU = Debug|Any CPU
		Release|Any CPU = Release|Any CPU
	EndGlobalSection
	GlobalSection(ProjectConfigurationPlatforms) = postSolution
		{232EABEC-4E61-4D61-B81D-02E5FFC91CEE}.Debug|Any CPU.ActiveCfg = Debug|Any CPU
		{232EABEC-4E61-4D61-B81D-02E5FFC91CEE}.Debug|Any CPU.Build.0 = Debug|Any CPU
		{232EABEC-4E61-4D61-B81D-02E5FFC91CEE}.Release|Any CPU.ActiveCfg = Release|Any CPU
		{232EABEC-4E61-4D61-B81D-02E5FFC91CEE}.Release|Any CPU.Build.0 = Release|Any CPU
	EndGlobalSection
	GlobalSection(SolutionProperties) = preSolution
		HideSolutionNode = FALSE
	EndGlobalSection
	GlobalSection(ExtensibilityGlobals) = postSolution
		SolutionGuid = {FD6B1A42-DA0B-4620-9939-E85EF7434D16}
	EndGlobalSection
EndGlobal
